
Microsoft Visual Studio Solution File, Format Version 12.00
# Visual Studio 15
VisualStudioVersion = 15.0.27703.2000
MinimumVisualStudioVersion = 10.0.40219.1
Project("{FAE04EC0-301F-11D3-BF4B-00C04F79EFBC}") = "SportsStore.UnitTests", "SportsStore.UnitTests\SportsStore.UnitTests.csproj", "{AB3FB3A6-EF46-453E-901A-9127E128418F}"
EndProject
Project("{FAE04EC0-301F-11D3-BF4B-00C04F79EFBC}") = "SportsStore.WebUI", "SportsStore.WebUI\SportsStore.WebUI.csproj", "{1930B246-0B1A-4D41-9078-A7BD37E15924}"
EndProject
Project("{FAE04EC0-301F-11D3-BF4B-00C04F79EFBC}") = "SportsStore.Domain", "SportsStore.Domain\SportsStore.Domain.csproj", "{6662FF47-57FB-4835-A6C3-88D2EF5757A3}"
EndProject
Global
	GlobalSection(SolutionConfigurationPlatforms) = preSolution
		Debug|Any CPU = Debug|Any CPU
		Release|Any CPU = Release|Any CPU
	EndGlobalSection
	GlobalSection(ProjectConfigurationPlatforms) = postSolution
		{AB3FB3A6-EF46-453E-901A-9127E128418F}.Debug|Any CPU.ActiveCfg = Debug|Any CPU
		{AB3FB3A6-EF46-453E-901A-9127E128418F}.Debug|Any CPU.Build.0 = Debug|Any CPU
		{AB3FB3A6-EF46-453E-901A-9127E128418F}.Release|Any CPU.ActiveCfg = Release|Any CPU
		{AB3FB3A6-EF46-453E-901A-9127E128418F}.Release|Any CPU.Build.0 = Release|Any CPU
		{1930B246-0B1A-4D41-9078-A7BD37E15924}.Debug|Any CPU.ActiveCfg = Debug|Any CPU
		{1930B246-0B1A-4D41-9078-A7BD37E15924}.Debug|Any CPU.Build.0 = Debug|Any CPU
		{1930B246-0B1A-4D41-9078-A7BD37E15924}.Release|Any CPU.ActiveCfg = Release|Any CPU
		{1930B246-0B1A-4D41-9078-A7BD37E15924}.Release|Any CPU.Build.0 = Release|Any CPU
		{6662FF47-57FB-4835-A6C3-88D2EF5757A3}.Debug|Any CPU.ActiveCfg = Debug|Any CPU
		{6662FF47-57FB-4835-A6C3-88D2EF5757A3}.Debug|Any CPU.Build.0 = Debug|Any CPU
		{6662FF47-57FB-4835-A6C3-88D2EF5757A3}.Release|Any CPU.ActiveCfg = Release|Any CPU
		{6662FF47-57FB-4835-A6C3-88D2EF5757A3}.Release|Any CPU.Build.0 = Release|Any CPU
	EndGlobalSection
	GlobalSection(SolutionProperties) = preSolution
		HideSolutionNode = FALSE
	EndGlobalSection
	GlobalSection(ExtensibilityGlobals) = postSolution
		SolutionGuid = {04698621-60A9-49BC-B4E9-3D7BCEA05623}
	EndGlobalSection
EndGlobal
